# THIS IS AN AUTOGENERATED FILE. DO NOT EDIT THIS FILE DIRECTLY.
# yarn lockfile v1


"@babel/runtime@^7.5.5":
  version "7.9.2"
  resolved "https://registry.yarnpkg.com/@babel/runtime/-/runtime-7.9.2.tgz#d90df0583a3a252f09aaa619665367bae518db06"
  integrity sha512-NE2DtOdufG7R5vnfQUTehdTfNycfUANEtCa9PssN9O/xmTzP4E08UI797ixaei6hBEVL9BI/PsdJS5x7mWoB9Q==
  dependencies:
    regenerator-runtime "^0.13.4"

"@videojs/http-streaming@1.12.2":
  version "1.12.2"
  resolved "https://registry.yarnpkg.com/@videojs/http-streaming/-/http-streaming-1.12.2.tgz#9ee790ff5e83eb3aab08ba3c8e434ace92a16013"
  integrity sha512-/YoApr0Ihaqo2eOLSQA3AdUDgor3VPeRAc+mCFvEB8265OUHxhIBUQ+JoGEKYk6PY2XLK1JqNC0lDuqpr61TPQ==
  dependencies:
    aes-decrypter "3.0.0"
    global "^4.3.0"
    m3u8-parser "4.4.0"
    mpd-parser "0.10.0"
    mux.js "5.5.1"
    url-toolkit "^2.1.3"
    video.js "^6.8.0 || ^7.0.0"

"@videojs/vhs-utils@^1.1.0":
  version "1.3.0"
  resolved "https://registry.yarnpkg.com/@videojs/vhs-utils/-/vhs-utils-1.3.0.tgz#04fe402f603af9a5df4b88881fabba0cf13814c2"
  integrity sha512-oiqXDtHQqDPun7JseWkirUHGrgdYdeF12goUut5z7vwAj4DmUufEPFJ4xK5hYGXGFDyDhk2rSFOR122Ze6qXyQ==
  dependencies:
    "@babel/runtime" "^7.5.5"
    global "^4.3.2"
    url-toolkit "^2.1.6"

"@videojs/xhr@2.5.1":
  version "2.5.1"
  resolved "https://registry.yarnpkg.com/@videojs/xhr/-/xhr-2.5.1.tgz#26bc5a79dbb3b03bfb13742c6ce559f89e90719e"
  integrity sha512-wV9nGESHseSK+S9ePEru2+OJZ1jq/ZbbzniGQ4weAmTIepuBMSYPx5zrxxQA0E786T5ykpO8ts+LayV+3/oI2w==
  dependencies:
    "@babel/runtime" "^7.5.5"
    global "~4.4.0"
    is-function "^1.0.1"

aes-decrypter@3.0.0:
  version "3.0.0"
  resolved "https://registry.yarnpkg.com/aes-decrypter/-/aes-decrypter-3.0.0.tgz#7848a1c145b9fdbf57ae3e2b5b1bc7cf0644a8fb"
  integrity sha1-eEihwUW5/b9Xrj4rWxvHzwZEqPs=
  dependencies:
    commander "^2.9.0"
    global "^4.3.2"
    pkcs7 "^1.0.2"

babel-runtime@^6.9.2:
  version "6.26.0"
  resolved "https://registry.yarnpkg.com/babel-runtime/-/babel-runtime-6.26.0.tgz#965c7058668e82b55d7bfe04ff2337bc8b5647fe"
  dependencies:
    core-js "^2.4.0"
    regenerator-runtime "^0.11.0"

balanced-match@^1.0.0:
  version "1.0.0"
  resolved "https://registry.yarnpkg.com/balanced-match/-/balanced-match-1.0.0.tgz#89b4d199ab2bee49de164ea02b89ce462d71b767"

brace-expansion@^1.1.7:
  version "1.1.8"
  resolved "https://registry.yarnpkg.com/brace-expansion/-/brace-expansion-1.1.8.tgz#c07b211c7c952ec1f8efd51a77ef0d1d3990a292"
  dependencies:
    balanced-match "^1.0.0"
    concat-map "0.0.1"

bunyan@^1.8.8:
  version "1.8.12"
  resolved "https://registry.yarnpkg.com/bunyan/-/bunyan-1.8.12.tgz#f150f0f6748abdd72aeae84f04403be2ef113797"
  optionalDependencies:
    dtrace-provider "~0.8"
    moment "^2.10.6"
    mv "~2"
    safe-json-stringify "~1"

commander@^2.9.0:
  version "2.20.3"
  resolved "https://registry.yarnpkg.com/commander/-/commander-2.20.3.tgz#fd485e84c03eb4881c20722ba48035e8531aeb33"
  integrity sha512-GpVkmM8vF2vQUkj2LvZmD35JxeJOLCwJ9cUkugyk2nuhbv3+mJvpLYYt+0+USMxE+oj+ey/lJEnhZw75x/OMcQ==

concat-map@0.0.1:
  version "0.0.1"
  resolved "https://registry.yarnpkg.com/concat-map/-/concat-map-0.0.1.tgz#d8a96bd77fd68df7793a73036a3ba0d5405d477b"

core-js@^2.4.0:
  version "2.5.3"
  resolved "https://registry.yarnpkg.com/core-js/-/core-js-2.5.3.tgz#8acc38345824f16d8365b7c9b4259168e8ed603e"

dom-walk@^0.1.0:
  version "0.1.1"
  resolved "https://registry.yarnpkg.com/dom-walk/-/dom-walk-0.1.1.tgz#672226dc74c8f799ad35307df936aba11acd6018"

dtrace-provider@~0.8:
  version "0.8.6"
  resolved "https://registry.yarnpkg.com/dtrace-provider/-/dtrace-provider-0.8.6.tgz#428a223afe03425d2cd6d6347fdf40c66903563d"
  dependencies:
    nan "^2.3.3"

es5-shim@^4.5.1:
  version "4.5.10"
  resolved "https://registry.yarnpkg.com/es5-shim/-/es5-shim-4.5.10.tgz#b7e17ef4df2a145b821f1497b50c25cf94026205"

faye-websocket@^0.10.0:
  version "0.10.0"
  resolved "https://registry.yarnpkg.com/faye-websocket/-/faye-websocket-0.10.0.tgz#4e492f8d04dfb6f89003507f6edbf2d501e7c6f4"
  dependencies:
    websocket-driver ">=0.5.1"

for-each@^0.3.2:
  version "0.3.2"
  resolved "https://registry.yarnpkg.com/for-each/-/for-each-0.3.2.tgz#2c40450b9348e97f281322593ba96704b9abd4d4"
  dependencies:
    is-function "~1.0.0"

glob@^6.0.1:
  version "6.0.4"
  resolved "https://registry.yarnpkg.com/glob/-/glob-6.0.4.tgz#0f08860f6a155127b2fadd4f9ce24b1aab6e4d22"
  dependencies:
    inflight "^1.0.4"
    inherits "2"
    minimatch "2 || 3"
    once "^1.3.0"
    path-is-absolute "^1.0.0"

global@4.3.0:
  version "4.3.0"
  resolved "https://registry.yarnpkg.com/global/-/global-4.3.0.tgz#ef7ec4beead579b454f5ebd5e7f303db54f42a2b"
  dependencies:
    min-document "^2.6.1"
    process "~0.5.1"

global@4.3.2, global@^4.3.1, global@^4.3.2, global@~4.3.0:
  version "4.3.2"
  resolved "https://registry.yarnpkg.com/global/-/global-4.3.2.tgz#e76989268a6c74c38908b1305b10fc0e394e9d0f"
  dependencies:
    min-document "^2.19.0"
    process "~0.5.1"

global@^4.3.0, global@^4.4.0, global@~4.4.0:
  version "4.4.0"
  resolved "https://registry.yarnpkg.com/global/-/global-4.4.0.tgz#3e7b105179006a323ed71aafca3e9c57a5cc6406"
  integrity sha512-wv/LAoHdRE3BeTGz53FAamhGlPLhlssK45usmGFThIi4XqnBmjKQ16u+RNbP7WvigRZDxUsM0J3gcQ5yicaL0w==
  dependencies:
    min-document "^2.19.0"
    process "^0.11.10"

http-parser-js@>=0.4.0:
  version "0.4.9"
  resolved "https://registry.yarnpkg.com/http-parser-js/-/http-parser-js-0.4.9.tgz#ea1a04fb64adff0242e9974f297dd4c3cad271e1"

individual@^2.0.0:
  version "2.0.0"
  resolved "https://registry.yarnpkg.com/individual/-/individual-2.0.0.tgz#833b097dad23294e76117a98fb38e0d9ad61bb97"

inflight@^1.0.4:
  version "1.0.6"
  resolved "https://registry.yarnpkg.com/inflight/-/inflight-1.0.6.tgz#49bd6331d7d02d0c09bc910a1075ba8165b56df9"
  dependencies:
    once "^1.3.0"
    wrappy "1"

inherits@2:
  version "2.0.3"
  resolved "https://registry.yarnpkg.com/inherits/-/inherits-2.0.3.tgz#633c2c83e3da42a502f52466022480f4208261de"

is-function@^1.0.1, is-function@~1.0.0:
  version "1.0.1"
  resolved "https://registry.yarnpkg.com/is-function/-/is-function-1.0.1.tgz#12cfb98b65b57dd3d193a3121f5f6e2f437602b5"

keycode@^2.2.0:
  version "2.2.0"
  resolved "https://registry.yarnpkg.com/keycode/-/keycode-2.2.0.tgz#3d0af56dc7b8b8e5cba8d0a97f107204eec22b04"
  integrity sha1-PQr1bce4uOXLqNCpfxByBO7CKwQ=

m3u8-parser@4.4.0:
  version "4.4.0"
  resolved "https://registry.yarnpkg.com/m3u8-parser/-/m3u8-parser-4.4.0.tgz#adf606c0af6d97f6750095a42006c2ae03dde177"
  integrity sha512-iH2AygTFILtato+XAgnoPYzLHM4R3DjATj7Ozbk7EHdB2XoLF2oyOUguM7Kc4UVHbQHHL/QPaw98r7PbWzG0gg==
  dependencies:
    global "^4.3.2"

min-document@^2.19.0, min-document@^2.6.1:
  version "2.19.0"
  resolved "https://registry.yarnpkg.com/min-document/-/min-document-2.19.0.tgz#7bd282e3f5842ed295bb748cdd9f1ffa2c824685"
  dependencies:
    dom-walk "^0.1.0"

"minimatch@2 || 3":
  version "3.0.4"
  resolved "https://registry.yarnpkg.com/minimatch/-/minimatch-3.0.4.tgz#5166e286457f03306064be5497e8dbb0c3d32083"
  dependencies:
    brace-expansion "^1.1.7"

minimist@0.0.8:
  version "0.0.8"
  resolved "https://registry.yarnpkg.com/minimist/-/minimist-0.0.8.tgz#857fcabfc3397d2625b8228262e86aa7a011b05d"

mkdirp@~0.5.1:
  version "0.5.1"
  resolved "https://registry.yarnpkg.com/mkdirp/-/mkdirp-0.5.1.tgz#30057438eac6cf7f8c4767f38648d6697d75c903"
  dependencies:
    minimist "0.0.8"

moment@^2.10.6:
  version "2.20.1"
  resolved "https://registry.yarnpkg.com/moment/-/moment-2.20.1.tgz#d6eb1a46cbcc14a2b2f9434112c1ff8907f313fd"

mpd-parser@0.10.0:
  version "0.10.0"
  resolved "https://registry.yarnpkg.com/mpd-parser/-/mpd-parser-0.10.0.tgz#e48a39a4ecd3b5bbd0ed4ac5991b9cc36bcd9599"
  integrity sha512-eIqkH/2osPr7tIIjhRmDWqm2wdJ7Q8oPfWvdjealzsLV2D2oNe0a0ae2gyYYs1sw5e5hdssDA2V6Sz8MW+Uvvw==
  dependencies:
    "@babel/runtime" "^7.5.5"
    "@videojs/vhs-utils" "^1.1.0"
    global "^4.3.2"
    xmldom "^0.1.27"

mux.js@5.5.1:
  version "5.5.1"
  resolved "https://registry.yarnpkg.com/mux.js/-/mux.js-5.5.1.tgz#5bd5d7b2e5e5560da8126928e93af3c532e08372"
  integrity sha512-5VmmjADBqS4++8pTI6poSRJ+chHdaoI4XErcQPM5w4QfwaDl+FQlSI0iOgWbYDn6CBCbDRKaSCcEiN2K5aHNGQ==

mv@~2:
  version "2.1.1"
  resolved "https://registry.yarnpkg.com/mv/-/mv-2.1.1.tgz#ae6ce0d6f6d5e0a4f7d893798d03c1ea9559b6a2"
  dependencies:
    mkdirp "~0.5.1"
    ncp "~2.0.0"
    rimraf "~2.4.0"

nan@^2.3.3:
  version "2.8.0"
  resolved "https://registry.yarnpkg.com/nan/-/nan-2.8.0.tgz#ed715f3fe9de02b57a5e6252d90a96675e1f085a"

ncp@~2.0.0:
  version "2.0.0"
  resolved "https://registry.yarnpkg.com/ncp/-/ncp-2.0.0.tgz#195a21d6c46e361d2fb1281ba38b91e9df7bdbb3"

once@^1.3.0:
  version "1.4.0"
  resolved "https://registry.yarnpkg.com/once/-/once-1.4.0.tgz#583b1aa775961d4b113ac17d9c50baef9dd76bd1"
  dependencies:
    wrappy "1"

parse-headers@^2.0.0:
  version "2.0.1"
  resolved "https://registry.yarnpkg.com/parse-headers/-/parse-headers-2.0.1.tgz#6ae83a7aa25a9d9b700acc28698cd1f1ed7e9536"
  dependencies:
    for-each "^0.3.2"
    trim "0.0.1"

path-is-absolute@^1.0.0:
  version "1.0.1"
  resolved "https://registry.yarnpkg.com/path-is-absolute/-/path-is-absolute-1.0.1.tgz#174b9268735534ffbc7ace6bf53a5a9e1b5c5f5f"

pkcs7@^1.0.2:
  version "1.0.2"
  resolved "https://registry.yarnpkg.com/pkcs7/-/pkcs7-1.0.2.tgz#b6dba527528c2942bfc122ce2dafcdb5e59074e7"
  integrity sha1-ttulJ1KMKUK/wSLOLa/NteWQdOc=

process@^0.11.10:
  version "0.11.10"
  resolved "https://registry.yarnpkg.com/process/-/process-0.11.10.tgz#7332300e840161bda3e69a1d1d91a7d4bc16f182"
  integrity sha1-czIwDoQBYb2j5podHZGn1LwW8YI=

process@~0.5.1:
  version "0.5.2"
  resolved "https://registry.yarnpkg.com/process/-/process-0.5.2.tgz#1638d8a8e34c2f440a91db95ab9aeb677fc185cf"

regenerator-runtime@^0.11.0:
  version "0.11.1"
  resolved "https://registry.yarnpkg.com/regenerator-runtime/-/regenerator-runtime-0.11.1.tgz#be05ad7f9bf7d22e056f9726cee5017fbf19e2e9"

regenerator-runtime@^0.13.4:
  version "0.13.5"
  resolved "https://registry.yarnpkg.com/regenerator-runtime/-/regenerator-runtime-0.13.5.tgz#d878a1d094b4306d10b9096484b33ebd55e26697"
  integrity sha512-ZS5w8CpKFinUzOwW3c83oPeVXoNsrLsaCoLtJvAClH135j/R77RuymhiSErhm2lKcwSCIpmvIWSbDkIfAqKQlA==

rimraf@~2.4.0:
  version "2.4.5"
  resolved "https://registry.yarnpkg.com/rimraf/-/rimraf-2.4.5.tgz#ee710ce5d93a8fdb856fb5ea8ff0e2d75934b2da"
  dependencies:
    glob "^6.0.1"

rust-result@^1.0.0:
  version "1.0.0"
  resolved "https://registry.yarnpkg.com/rust-result/-/rust-result-1.0.0.tgz#34c75b2e6dc39fe5875e5bdec85b5e0f91536f72"
  dependencies:
    individual "^2.0.0"

safe-json-parse@4.0.0:
  version "4.0.0"
  resolved "https://registry.yarnpkg.com/safe-json-parse/-/safe-json-parse-4.0.0.tgz#7c0f578cfccd12d33a71c0e05413e2eca171eaac"
  dependencies:
    rust-result "^1.0.0"

safe-json-stringify@~1:
  version "1.0.4"
  resolved "https://registry.yarnpkg.com/safe-json-stringify/-/safe-json-stringify-1.0.4.tgz#81a098f447e4bbc3ff3312a243521bc060ef5911"

sockjs@^0.3.20:
  version "0.3.20"
  resolved "https://registry.yarnpkg.com/sockjs/-/sockjs-0.3.20.tgz#b26a283ec562ef8b2687b44033a4eeceac75d855"
  integrity sha512-SpmVOVpdq0DJc0qArhF3E5xsxvaiqGNb73XfgBpK1y3UD5gs8DSo8aCTsuT5pX8rssdc2NDIzANwP9eCAiSdTA==
  dependencies:
    faye-websocket "^0.10.0"
    uuid "^3.4.0"
    websocket-driver "0.6.5"

trim@0.0.1:
  version "0.0.1"
  resolved "https://registry.yarnpkg.com/trim/-/trim-0.0.1.tgz#5858547f6b290757ee95cccc666fb50084c460dd"

tsml@1.0.1:
  version "1.0.1"
  resolved "https://registry.yarnpkg.com/tsml/-/tsml-1.0.1.tgz#89f8218b9d9e257f47d7f6b56d01c5a4d2c68fc3"

url-toolkit@^2.1.3, url-toolkit@^2.1.6:
  version "2.1.6"
  resolved "https://registry.yarnpkg.com/url-toolkit/-/url-toolkit-2.1.6.tgz#6d03246499e519aad224c44044a4ae20544154f2"
  integrity sha512-UaZ2+50am4HwrV2crR/JAf63Q4VvPYphe63WGeoJxeu8gmOm0qxPt+KsukfakPNrX9aymGNEkkaoICwn+OuvBw==

uuid@^3.4.0:
  version "3.4.0"
  resolved "https://registry.yarnpkg.com/uuid/-/uuid-3.4.0.tgz#b23e4358afa8a202fe7a100af1f5f883f02007ee"
  integrity sha512-HjSDRw6gZE5JMggctHBcjVak08+KEVhSIiDzFnT9S9aegmp85S/bReBVTb4QTFaRNptJ9kuYaNhnbNEOkbKb/A==

video.js@^5.16.0:
  version "5.20.4"
  resolved "https://registry.yarnpkg.com/video.js/-/video.js-5.20.4.tgz#85d58129e568527ccc179f95f485f547ee3c2e06"
  dependencies:
    babel-runtime "^6.9.2"
    global "4.3.0"
    safe-json-parse "4.0.0"
    tsml "1.0.1"
    videojs-font "2.0.0"
    videojs-ie8 "1.1.2"
    videojs-swf "5.4.1"
    videojs-vtt.js "0.12.4"
    xhr "2.2.2"

video.js@^5.20.5:
  version "5.20.5"
  resolved "https://registry.yarnpkg.com/video.js/-/video.js-5.20.5.tgz#445cdae204bce459782d86a31b25a32afd6d8eff"
  integrity sha1-RFza4gS85Fl4LYajGyWjKv1tjv8=
  dependencies:
    babel-runtime "^6.9.2"
    global "4.3.0"
    safe-json-parse "4.0.0"
    tsml "1.0.1"
    videojs-font "2.0.0"
    videojs-ie8 "1.1.2"
    videojs-swf "5.4.1"
    videojs-vtt.js "0.12.6"
    xhr "2.2.2"

"video.js@^5.6.0 || ^6.2.8 || ^7.0.2", "video.js@^6 || ^7", "video.js@^6.8.0 || ^7.0.0":
  version "7.7.5"
  resolved "https://registry.yarnpkg.com/video.js/-/video.js-7.7.5.tgz#7b066c4eb56fdf4980d3be09491ce520ffe8ed75"
  integrity sha512-+HSp2KNZmGzkmTecXyaXxEGi3F41WAm43PqNp3hWq5wYUQOHwcRu5YhhCz+5q0fDV+SlnFMSSLl/I6QLMlYv/g==
  dependencies:
    "@babel/runtime" "^7.5.5"
    "@videojs/http-streaming" "1.12.2"
    "@videojs/xhr" "2.5.1"
    global "4.3.2"
    keycode "^2.2.0"
    safe-json-parse "4.0.0"
    videojs-font "3.2.0"
    videojs-vtt.js "^0.15.2"

videojs-font@2.0.0:
  version "2.0.0"
  resolved "https://registry.yarnpkg.com/videojs-font/-/videojs-font-2.0.0.tgz#af7461ef9d4b95e0334bffb78b2f2ff0364a9034"

videojs-font@3.2.0:
  version "3.2.0"
  resolved "https://registry.yarnpkg.com/videojs-font/-/videojs-font-3.2.0.tgz#212c9d3f4e4ec3fa7345167d64316add35e92232"
  integrity sha512-g8vHMKK2/JGorSfqAZQUmYYNnXmfec4MLhwtEFS+mMs2IDY398GLysy6BH6K+aS1KMNu/xWZ8Sue/X/mdQPliA==

videojs-ie8@1.1.2:
  version "1.1.2"
  resolved "https://registry.yarnpkg.com/videojs-ie8/-/videojs-ie8-1.1.2.tgz#a23d3d8608ad7192b69c6077fc4eb848998d35d9"
  dependencies:
    es5-shim "^4.5.1"

videojs-playlist-ui@^3.7.0:
  version "3.7.0"
  resolved "https://registry.yarnpkg.com/videojs-playlist-ui/-/videojs-playlist-ui-3.7.0.tgz#9e4e42a931dc968aefb8de3fa7dde9549b88c549"
  integrity sha512-iiqJ6nCusNEMGVppz7kSgyiHKmsNUOvbo9hza97ukfahqZuMLZu8QW6C7k5E74FIYdehzlqWwPpTssSyrSdI+g==
  dependencies:
    global "^4.4.0"
    video.js "^6 || ^7"

videojs-playlist@^3.1.0:
  version "3.1.1"
  resolved "https://registry.yarnpkg.com/videojs-playlist/-/videojs-playlist-3.1.1.tgz#66ce85e02d02d20ce43c2d1700143a5c149858a0"
  dependencies:
    global "^4.3.2"
    video.js "^5.16.0"

videojs-swf@5.4.1:
  version "5.4.1"
  resolved "https://registry.yarnpkg.com/videojs-swf/-/videojs-swf-5.4.1.tgz#2077ef71c749f2c7823ef49babae4dd2acb08f87"

videojs-vtt.js@0.12.4:
  version "0.12.4"
  resolved "https://registry.yarnpkg.com/videojs-vtt.js/-/videojs-vtt.js-0.12.4.tgz#38f2499e31efb3fa93590ddad4cb663275a4b161"
  dependencies:
    global "^4.3.1"

videojs-vtt.js@0.12.6:
  version "0.12.6"
  resolved "https://registry.yarnpkg.com/videojs-vtt.js/-/videojs-vtt.js-0.12.6.tgz#e078600bda899eaa6f9c3307134cd0c811947b8e"
  integrity sha512-XFXeGBQiljnElMhwCcZst0RDbZn2n8LU7ZScXryd3a00OaZsHAjdZu/7/RdSr7Z1jHphd45FnOvOQkGK4YrWCQ==
  dependencies:
    global "^4.3.1"

videojs-vtt.js@^0.15.2:
  version "0.15.2"
  resolved "https://registry.yarnpkg.com/videojs-vtt.js/-/videojs-vtt.js-0.15.2.tgz#a828c4ea0aac6303fa471fd69bc7586a5ba1a273"
  integrity sha512-kEo4hNMvu+6KhPvVYPKwESruwhHC3oFis133LwhXHO9U7nRnx0RiJYMiqbgwjgazDEXHR6t8oGJiHM6wq5XlAw==
  dependencies:
    global "^4.3.1"

videojs-youtube@^2.6.1:
  version "2.6.1"
  resolved "https://registry.yarnpkg.com/videojs-youtube/-/videojs-youtube-2.6.1.tgz#3f7cce15229509ea6d54582e28793df530254860"
  integrity sha512-qvwrkgXixbX8xzdkBa7o5r9KUITRISAy4bbyrpBgub3m0mhwz6WLXDIwJZ6/w4Z/JijWjLQqlg8W1jYhCEgHZw==
  dependencies:
    video.js "^5.6.0 || ^6.2.8 || ^7.0.2"

websocket-driver@0.6.5:
  version "0.6.5"
  resolved "https://registry.yarnpkg.com/websocket-driver/-/websocket-driver-0.6.5.tgz#5cb2556ceb85f4373c6d8238aa691c8454e13a36"
  integrity sha1-XLJVbOuF9Dc8bYI4qmkchFThOjY=
  dependencies:
    websocket-extensions ">=0.1.1"

websocket-driver@>=0.5.1:
  version "0.7.0"
  resolved "https://registry.yarnpkg.com/websocket-driver/-/websocket-driver-0.7.0.tgz#0caf9d2d755d93aee049d4bdd0d3fe2cca2a24eb"
  dependencies:
    http-parser-js ">=0.4.0"
    websocket-extensions ">=0.1.1"

websocket-extensions@>=0.1.1:
  version "0.1.3"
  resolved "https://registry.yarnpkg.com/websocket-extensions/-/websocket-extensions-0.1.3.tgz#5d2ff22977003ec687a4b87073dfbbac146ccf29"

wrappy@1:
  version "1.0.2"
  resolved "https://registry.yarnpkg.com/wrappy/-/wrappy-1.0.2.tgz#b5243d8f3ec1aa35f1364605bc0d1036e30ab69f"

xhr@2.2.2:
  version "2.2.2"
  resolved "https://registry.yarnpkg.com/xhr/-/xhr-2.2.2.tgz#2ee72571869f8686d41559a9ea286c18971435ff"
  dependencies:
    global "~4.3.0"
    is-function "^1.0.1"
    parse-headers "^2.0.0"
    xtend "^4.0.0"

xmldom@^0.1.27:
  version "0.1.31"
  resolved "https://registry.yarnpkg.com/xmldom/-/xmldom-0.1.31.tgz#b76c9a1bd9f0a9737e5a72dc37231cf38375e2ff"
  integrity sha512-yS2uJflVQs6n+CyjHoaBmVSqIDevTAWrzMmjG1Gc7h1qQ7uVozNhEPJAwZXWyGQ/Gafo3fCwrcaokezLPupVyQ==

xtend@^4.0.0:
  version "4.0.1"
  resolved "https://registry.yarnpkg.com/xtend/-/xtend-4.0.1.tgz#a5c6d532be656e23db820efb943a1f04998d63af"
